
Microsoft Visual Studio Solution File, Format Version 12.00
# Visual Studio 15
VisualStudioVersion = 15.0.26124.0
MinimumVisualStudioVersion = 15.0.26124.0
Project("{FAE04EC0-301F-11D3-BF4B-00C04F79EFBC}") = "Anagramo", "Anagramo\Anagramo.csproj", "{3328C9E3-52BC-4146-BF1F-F84EF0087C75}"
EndProject
Project("{FAE04EC0-301F-11D3-BF4B-00C04F79EFBC}") = "Anagramo.Tests", "Anagramo.Tests\Anagramo.Tests.csproj", "{7A70F8F0-AFCA-4096-9990-C4B84ECB1D76}"
EndProject
Global
	GlobalSection(SolutionConfigurationPlatforms) = preSolution
		Debug|Any CPU = Debug|Any CPU
		Debug|x64 = Debug|x64
		Debug|x86 = Debug|x86
		Release|Any CPU = Release|Any CPU
		Release|x64 = Release|x64
		Release|x86 = Release|x86
	EndGlobalSection
	GlobalSection(SolutionProperties) = preSolution
		HideSolutionNode = FALSE
	EndGlobalSection
	GlobalSection(ProjectConfigurationPlatforms) = postSolution
		{3328C9E3-52BC-4146-BF1F-F84EF0087C75}.Debug|Any CPU.ActiveCfg = Debug|Any CPU
		{3328C9E3-52BC-4146-BF1F-F84EF0087C75}.Debug|Any CPU.Build.0 = Debug|Any CPU
		{3328C9E3-52BC-4146-BF1F-F84EF0087C75}.Debug|x64.ActiveCfg = Debug|Any CPU
		{3328C9E3-52BC-4146-BF1F-F84EF0087C75}.Debug|x64.Build.0 = Debug|Any CPU
		{3328C9E3-52BC-4146-BF1F-F84EF0087C75}.Debug|x86.ActiveCfg = Debug|Any CPU
		{3328C9E3-52BC-4146-BF1F-F84EF0087C75}.Debug|x86.Build.0 = Debug|Any CPU
		{3328C9E3-52BC-4146-BF1F-F84EF0087C75}.Release|Any CPU.ActiveCfg = Release|Any CPU
		{3328C9E3-52BC-4146-BF1F-F84EF0087C75}.Release|Any CPU.Build.0 = Release|Any CPU
		{3328C9E3-52BC-4146-BF1F-F84EF0087C75}.Release|x64.ActiveCfg = Release|Any CPU
		{3328C9E3-52BC-4146-BF1F-F84EF0087C75}.Release|x64.Build.0 = Release|Any CPU
		{3328C9E3-52BC-4146-BF1F-F84EF0087C75}.Release|x86.ActiveCfg = Release|Any CPU
		{3328C9E3-52BC-4146-BF1F-F84EF0087C75}.Release|x86.Build.0 = Release|Any CPU
		{7A70F8F0-AFCA-4096-9990-C4B84ECB1D76}.Debug|Any CPU.ActiveCfg = Debug|Any CPU
		{7A70F8F0-AFCA-4096-9990-C4B84ECB1D76}.Debug|Any CPU.Build.0 = Debug|Any CPU
		{7A70F8F0-AFCA-4096-9990-C4B84ECB1D76}.Debug|x64.ActiveCfg = Debug|Any CPU
		{7A70F8F0-AFCA-4096-9990-C4B84ECB1D76}.Debug|x64.Build.0 = Debug|Any CPU
		{7A70F8F0-AFCA-4096-9990-C4B84ECB1D76}.Debug|x86.ActiveCfg = Debug|Any CPU
		{7A70F8F0-AFCA-4096-9990-C4B84ECB1D76}.Debug|x86.Build.0 = Debug|Any CPU
		{7A70F8F0-AFCA-4096-9990-C4B84ECB1D76}.Release|Any CPU.ActiveCfg = Release|Any CPU
		{7A70F8F0-AFCA-4096-9990-C4B84ECB1D76}.Release|Any CPU.Build.0 = Release|Any CPU
		{7A70F8F0-AFCA-4096-9990-C4B84ECB1D76}.Release|x64.ActiveCfg = Release|Any CPU
		{7A70F8F0-AFCA-4096-9990-C4B84ECB1D76}.Release|x64.Build.0 = Release|Any CPU
		{7A70F8F0-AFCA-4096-9990-C4B84ECB1D76}.Release|x86.ActiveCfg = Release|Any CPU
		{7A70F8F0-AFCA-4096-9990-C4B84ECB1D76}.Release|x86.Build.0 = Release|Any CPU
	EndGlobalSection
EndGlobal
